{
	"name": "treegen",
	"version": "0.0.0",
	"lockfileVersion": 3,
	"requires": true,
	"packages": {
		"": {
			"name": "treegen",
			"version": "0.0.0",
			"license": "ISC",
			"dependencies": {
				"random-seedable": "^1.0.8"
			}
		},
		"node_modules/random-seedable": {
			"version": "1.0.8",
			"resolved": "https://registry.npmjs.org/random-seedable/-/random-seedable-1.0.8.tgz",
			"integrity": "sha512-f6gzvNhAnZBht1Prn0e/tpukUNhkANntFF42uIdWDPriyEATYaRpyH8A9bYaGecUB3AL+dXeYtBUggy18fe3rw=="
		}
	}
}
